# THIS IS AN AUTOGENERATED FILE. DO NOT EDIT THIS FILE DIRECTLY.
# yarn lockfile v1


"@cspotcode/source-map-support@^0.8.0":
  version "0.8.1"
  dependencies:
    "@jridgewell/trace-mapping" "0.3.9"

"@ethersproject/abi@^5.1.2":
  version "5.7.0"
  dependencies:
    "@ethersproject/address" "^5.7.0"
    "@ethersproject/bignumber" "^5.7.0"
    "@ethersproject/bytes" "^5.7.0"
    "@ethersproject/constants" "^5.7.0"
    "@ethersproject/hash" "^5.7.0"
    "@ethersproject/keccak256" "^5.7.0"
    "@ethersproject/logger" "^5.7.0"
    "@ethersproject/properties" "^5.7.0"
    "@ethersproject/strings" "^5.7.0"

"@ethersproject/abstract-provider@^5.7.0":
  version "5.7.0"
  dependencies:
    "@ethersproject/bignumber" "^5.7.0"
    "@ethersproject/bytes" "^5.7.0"
    "@ethersproject/logger" "^5.7.0"
    "@ethersproject/networks" "^5.7.0"
    "@ethersproject/properties" "^5.7.0"
    "@ethersproject/transactions" "^5.7.0"
    "@ethersproject/web" "^5.7.0"

"@ethersproject/abstract-signer@^5.7.0":
  version "5.7.0"
  dependencies:
    "@ethersproject/abstract-provider" "^5.7.0"
    "@ethersproject/bignumber" "^5.7.0"
    "@ethersproject/bytes" "^5.7.0"
    "@ethersproject/logger" "^5.7.0"
    "@ethersproject/properties" "^5.7.0"

"@ethersproject/address@^5.7.0":
  version "5.7.0"
  dependencies:
    "@ethersproject/bignumber" "^5.7.0"
    "@ethersproject/bytes" "^5.7.0"
    "@ethersproject/keccak256" "^5.7.0"
    "@ethersproject/logger" "^5.7.0"
    "@ethersproject/rlp" "^5.7.0"

"@ethersproject/base64@^5.7.0":
  version "5.7.0"
  dependencies:
    "@ethersproject/bytes" "^5.7.0"

"@ethersproject/bignumber@^5.7.0":
  version "5.7.0"
  dependencies:
    "@ethersproject/bytes" "^5.7.0"
    "@ethersproject/logger" "^5.7.0"
    bn.js "^5.2.1"

"@ethersproject/bytes@^5.7.0":
  version "5.7.0"
  dependencies:
    "@ethersproject/logger" "^5.7.0"

"@ethersproject/constants@^5.7.0":
  version "5.7.0"
  dependencies:
    "@ethersproject/bignumber" "^5.7.0"

"@ethersproject/hash@^5.7.0":
  version "5.7.0"
  dependencies:
    "@ethersproject/abstract-signer" "^5.7.0"
    "@ethersproject/address" "^5.7.0"
    "@ethersproject/base64" "^5.7.0"
    "@ethersproject/bignumber" "^5.7.0"
    "@ethersproject/bytes" "^5.7.0"
    "@ethersproject/keccak256" "^5.7.0"
    "@ethersproject/logger" "^5.7.0"
    "@ethersproject/properties" "^5.7.0"
    "@ethersproject/strings" "^5.7.0"

"@ethersproject/keccak256@^5.7.0":
  version "5.7.0"
  dependencies:
    "@ethersproject/bytes" "^5.7.0"
    js-sha3 "0.8.0"

"@ethersproject/logger@^5.7.0":
  version "5.7.0"

"@ethersproject/networks@^5.7.0":
  version "5.7.1"
  dependencies:
    "@ethersproject/logger" "^5.7.0"

"@ethersproject/properties@^5.7.0":
  version "5.7.0"
  dependencies:
    "@ethersproject/logger" "^5.7.0"

"@ethersproject/rlp@^5.7.0":
  version "5.7.0"
  dependencies:
    "@ethersproject/bytes" "^5.7.0"
    "@ethersproject/logger" "^5.7.0"

"@ethersproject/signing-key@^5.7.0":
  version "5.7.0"
  dependencies:
    "@ethersproject/bytes" "^5.7.0"
    "@ethersproject/logger" "^5.7.0"
    "@ethersproject/properties" "^5.7.0"
    bn.js "^5.2.1"
    elliptic "6.5.4"
    hash.js "1.1.7"

"@ethersproject/strings@^5.7.0":
  version "5.7.0"
  dependencies:
    "@ethersproject/bytes" "^5.7.0"
    "@ethersproject/constants" "^5.7.0"
    "@ethersproject/logger" "^5.7.0"

"@ethersproject/transactions@^5.7.0":
  version "5.7.0"
  dependencies:
    "@ethersproject/address" "^5.7.0"
    "@ethersproject/bignumber" "^5.7.0"
    "@ethersproject/bytes" "^5.7.0"
    "@ethersproject/constants" "^5.7.0"
    "@ethersproject/keccak256" "^5.7.0"
    "@ethersproject/logger" "^5.7.0"
    "@ethersproject/properties" "^5.7.0"
    "@ethersproject/rlp" "^5.7.0"
    "@ethersproject/signing-key" "^5.7.0"

"@ethersproject/web@^5.7.0":
  version "5.7.1"
  dependencies:
    "@ethersproject/base64" "^5.7.0"
    "@ethersproject/bytes" "^5.7.0"
    "@ethersproject/logger" "^5.7.0"
    "@ethersproject/properties" "^5.7.0"
    "@ethersproject/strings" "^5.7.0"

"@fastify/busboy@^2.0.0":
  version "2.1.1"

"@jridgewell/resolve-uri@^3.0.3":
  version "3.1.2"

"@jridgewell/sourcemap-codec@^1.4.10":
  version "1.5.0"

"@jridgewell/trace-mapping@0.3.9":
  version "0.3.9"
  dependencies:
    "@jridgewell/resolve-uri" "^3.0.3"
    "@jridgewell/sourcemap-codec" "^1.4.10"

"@metamask/eth-sig-util@^4.0.0":
  version "4.0.1"
  dependencies:
    ethereumjs-abi "^0.6.8"
    ethereumjs-util "^6.2.1"
    ethjs-util "^0.1.6"
    tweetnacl "^1.0.3"
    tweetnacl-util "^0.15.1"

"@noble/hashes@~1.2.0", "@noble/hashes@1.2.0":
  version "1.2.0"

"@noble/secp256k1@~1.7.0", "@noble/secp256k1@1.7.1":
  version "1.7.1"

"@nomicfoundation/edr-darwin-arm64@0.7.0":
  version "0.7.0"

"@nomicfoundation/edr-darwin-x64@0.7.0":
  version "0.7.0"

"@nomicfoundation/edr-linux-arm64-gnu@0.7.0":
  version "0.7.0"

"@nomicfoundation/edr-linux-arm64-musl@0.7.0":
  version "0.7.0"

"@nomicfoundation/edr-linux-x64-gnu@0.7.0":
  version "0.7.0"

"@nomicfoundation/edr-linux-x64-musl@0.7.0":
  version "0.7.0"

"@nomicfoundation/edr-win32-x64-msvc@0.7.0":
  version "0.7.0"

"@nomicfoundation/edr@^0.7.0":
  version "0.7.0"
  dependencies:
    "@nomicfoundation/edr-darwin-arm64" "0.7.0"
    "@nomicfoundation/edr-darwin-x64" "0.7.0"
    "@nomicfoundation/edr-linux-arm64-gnu" "0.7.0"
    "@nomicfoundation/edr-linux-arm64-musl" "0.7.0"
    "@nomicfoundation/edr-linux-x64-gnu" "0.7.0"
    "@nomicfoundation/edr-linux-x64-musl" "0.7.0"
    "@nomicfoundation/edr-win32-x64-msvc" "0.7.0"

"@nomicfoundation/ethereumjs-common@4.0.4":
  version "4.0.4"
  dependencies:
    "@nomicfoundation/ethereumjs-util" "9.0.4"

"@nomicfoundation/ethereumjs-rlp@5.0.4":
  version "5.0.4"

"@nomicfoundation/ethereumjs-tx@5.0.4":
  version "5.0.4"
  dependencies:
    "@nomicfoundation/ethereumjs-common" "4.0.4"
    "@nomicfoundation/ethereumjs-rlp" "5.0.4"
    "@nomicfoundation/ethereumjs-util" "9.0.4"
    ethereum-cryptography "0.1.3"

"@nomicfoundation/ethereumjs-util@9.0.4":
  version "9.0.4"
  dependencies:
    "@nomicfoundation/ethereumjs-rlp" "5.0.4"
    ethereum-cryptography "0.1.3"

"@nomicfoundation/solidity-analyzer-darwin-arm64@0.1.2":
  version "0.1.2"

"@nomicfoundation/solidity-analyzer-darwin-x64@0.1.2":
  version "0.1.2"

"@nomicfoundation/solidity-analyzer-linux-arm64-gnu@0.1.2":
  version "0.1.2"

"@nomicfoundation/solidity-analyzer-linux-arm64-musl@0.1.2":
  version "0.1.2"

"@nomicfoundation/solidity-analyzer-linux-x64-gnu@0.1.2":
  version "0.1.2"

"@nomicfoundation/solidity-analyzer-linux-x64-musl@0.1.2":
  version "0.1.2"

"@nomicfoundation/solidity-analyzer-win32-x64-msvc@0.1.2":
  version "0.1.2"

"@nomicfoundation/solidity-analyzer@^0.1.0":
  version "0.1.2"
  optionalDependencies:
    "@nomicfoundation/solidity-analyzer-darwin-arm64" "0.1.2"
    "@nomicfoundation/solidity-analyzer-darwin-x64" "0.1.2"
    "@nomicfoundation/solidity-analyzer-linux-arm64-gnu" "0.1.2"
    "@nomicfoundation/solidity-analyzer-linux-arm64-musl" "0.1.2"
    "@nomicfoundation/solidity-analyzer-linux-x64-gnu" "0.1.2"
    "@nomicfoundation/solidity-analyzer-linux-x64-musl" "0.1.2"
    "@nomicfoundation/solidity-analyzer-win32-x64-msvc" "0.1.2"

"@scure/base@~1.1.0":
  version "1.1.9"

"@scure/bip32@1.1.5":
  version "1.1.5"
  dependencies:
    "@noble/hashes" "~1.2.0"
    "@noble/secp256k1" "~1.7.0"
    "@scure/base" "~1.1.0"

"@scure/bip39@1.1.1":
  version "1.1.1"
  dependencies:
    "@noble/hashes" "~1.2.0"
    "@scure/base" "~1.1.0"

"@sentry/core@5.30.0":
  version "5.30.0"
  dependencies:
    "@sentry/hub" "5.30.0"
    "@sentry/minimal" "5.30.0"
    "@sentry/types" "5.30.0"
    "@sentry/utils" "5.30.0"
    tslib "^1.9.3"

"@sentry/hub@5.30.0":
  version "5.30.0"
  dependencies:
    "@sentry/types" "5.30.0"
    "@sentry/utils" "5.30.0"
    tslib "^1.9.3"

"@sentry/minimal@5.30.0":
  version "5.30.0"
  dependencies:
    "@sentry/hub" "5.30.0"
    "@sentry/types" "5.30.0"
    tslib "^1.9.3"

"@sentry/node@^5.18.1":
  version "5.30.0"
  dependencies:
    "@sentry/core" "5.30.0"
    "@sentry/hub" "5.30.0"
    "@sentry/tracing" "5.30.0"
    "@sentry/types" "5.30.0"
    "@sentry/utils" "5.30.0"
    cookie "^0.4.1"
    https-proxy-agent "^5.0.0"
    lru_map "^0.3.3"
    tslib "^1.9.3"

"@sentry/tracing@5.30.0":
  version "5.30.0"
  dependencies:
    "@sentry/hub" "5.30.0"
    "@sentry/minimal" "5.30.0"
    "@sentry/types" "5.30.0"
    "@sentry/utils" "5.30.0"
    tslib "^1.9.3"

"@sentry/types@5.30.0":
  version "5.30.0"

"@sentry/utils@5.30.0":
  version "5.30.0"
  dependencies:
    "@sentry/types" "5.30.0"
    tslib "^1.9.3"

"@tsconfig/node10@^1.0.7":
  version "1.0.11"

"@tsconfig/node12@^1.0.7":
  version "1.0.11"

"@tsconfig/node14@^1.0.0":
  version "1.0.3"

"@tsconfig/node16@^1.0.2":
  version "1.0.4"

"@types/bn.js@^4.11.3":
  version "4.11.6"
  dependencies:
    "@types/node" "*"

"@types/bn.js@^5.1.0":
  version "5.1.6"
  dependencies:
    "@types/node" "*"

"@types/debug@^4":
  version "4.1.12"
  dependencies:
    "@types/ms" "*"

"@types/fs-extra@^11.0.4":
  version "11.0.4"
  dependencies:
    "@types/jsonfile" "*"
    "@types/node" "*"

"@types/jsonfile@*":
  version "6.1.4"
  dependencies:
    "@types/node" "*"

"@types/lru-cache@^5.1.0":
  version "5.1.1"

"@types/ms@*":
  version "0.7.34"

"@types/node@*", "@types/node@^22.10.2":
  version "22.10.2"
  dependencies:
    undici-types "~6.20.0"

"@types/pbkdf2@^3.0.0":
  version "3.1.2"
  dependencies:
    "@types/node" "*"

"@types/secp256k1@^4.0.1":
  version "4.0.6"
  dependencies:
    "@types/node" "*"

acorn-walk@^8.1.1:
  version "8.3.4"
  dependencies:
    acorn "^8.11.0"

acorn@^8.11.0, acorn@^8.4.1:
  version "8.14.0"

adm-zip@^0.4.16:
  version "0.4.16"

agent-base@6:
  version "6.0.2"
  dependencies:
    debug "4"

aggregate-error@^3.0.0:
  version "3.1.0"
  dependencies:
    clean-stack "^2.0.0"
    indent-string "^4.0.0"

ansi-align@^3.0.0:
  version "3.0.1"
  dependencies:
    string-width "^4.1.0"

ansi-colors@^4.1.1, ansi-colors@^4.1.3:
  version "4.1.3"

ansi-escapes@^4.3.0:
  version "4.3.2"
  dependencies:
    type-fest "^0.21.3"

ansi-regex@^5.0.1:
  version "5.0.1"

ansi-styles@^4.0.0, ansi-styles@^4.1.0:
  version "4.3.0"
  dependencies:
    color-convert "^2.0.1"

anymatch@~3.1.2:
  version "3.1.3"
  dependencies:
    normalize-path "^3.0.0"
    picomatch "^2.0.4"

arg@^4.1.0:
  version "4.1.3"

argparse@^2.0.1:
  version "2.0.1"

balanced-match@^1.0.0:
  version "1.0.2"

base-x@^3.0.2:
  version "3.0.10"
  dependencies:
    safe-buffer "^5.0.1"

binary-extensions@^2.0.0:
  version "2.3.0"

blakejs@^1.1.0:
  version "1.2.1"

bn.js@^4.11.0, bn.js@^4.11.8, bn.js@^4.11.9:
  version "4.12.1"

bn.js@^5.2.0:
  version "5.2.1"

bn.js@^5.2.1:
  version "5.2.1"

boxen@^5.1.2:
  version "5.1.2"
  dependencies:
    ansi-align "^3.0.0"
    camelcase "^6.2.0"
    chalk "^4.1.0"
    cli-boxes "^2.2.1"
    string-width "^4.2.2"
    type-fest "^0.20.2"
    widest-line "^3.1.0"
    wrap-ansi "^7.0.0"

brace-expansion@^2.0.1:
  version "2.0.1"
  dependencies:
    balanced-match "^1.0.0"

braces@~3.0.2:
  version "3.0.3"
  dependencies:
    fill-range "^7.1.1"

brorand@^1.1.0:
  version "1.1.0"

browser-stdout@^1.3.1:
  version "1.3.1"

browserify-aes@^1.2.0:
  version "1.2.0"
  dependencies:
    buffer-xor "^1.0.3"
    cipher-base "^1.0.0"
    create-hash "^1.1.0"
    evp_bytestokey "^1.0.3"
    inherits "^2.0.1"
    safe-buffer "^5.0.1"

bs58@^4.0.0:
  version "4.0.1"
  dependencies:
    base-x "^3.0.2"

bs58check@^2.1.2:
  version "2.1.2"
  dependencies:
    bs58 "^4.0.0"
    create-hash "^1.1.0"
    safe-buffer "^5.1.2"

buffer-from@^1.0.0:
  version "1.1.2"

buffer-xor@^1.0.3:
  version "1.0.3"

bytes@3.1.2:
  version "3.1.2"

camelcase@^6.0.0, camelcase@^6.2.0:
  version "6.3.0"

chalk@^4.1.0:
  version "4.1.2"
  dependencies:
    ansi-styles "^4.1.0"
    supports-color "^7.1.0"

chokidar@^3.5.3:
  version "3.6.0"
  dependencies:
    anymatch "~3.1.2"
    braces "~3.0.2"
    glob-parent "~5.1.2"
    is-binary-path "~2.1.0"
    is-glob "~4.0.1"
    normalize-path "~3.0.0"
    readdirp "~3.6.0"
  optionalDependencies:
    fsevents "~2.3.2"

chokidar@^4.0.0:
  version "4.0.2"
  dependencies:
    readdirp "^4.0.1"

ci-info@^2.0.0:
  version "2.0.0"

cipher-base@^1.0.0, cipher-base@^1.0.1, cipher-base@^1.0.3:
  version "1.0.6"
  dependencies:
    inherits "^2.0.4"
    safe-buffer "^5.2.1"

clean-stack@^2.0.0:
  version "2.2.0"

cli-boxes@^2.2.1:
  version "2.2.1"

cliui@^7.0.2:
  version "7.0.4"
  dependencies:
    string-width "^4.2.0"
    strip-ansi "^6.0.0"
    wrap-ansi "^7.0.0"

color-convert@^2.0.1:
  version "2.0.1"
  dependencies:
    color-name "~1.1.4"

color-name@~1.1.4:
  version "1.1.4"

command-exists@^1.2.8:
  version "1.2.9"

commander@^8.1.0:
  version "8.3.0"

cookie@^0.4.1:
  version "0.4.2"

create-hash@^1.1.0, create-hash@^1.1.2, create-hash@^1.2.0:
  version "1.2.0"
  dependencies:
    cipher-base "^1.0.1"
    inherits "^2.0.1"
    md5.js "^1.3.4"
    ripemd160 "^2.0.1"
    sha.js "^2.4.0"

create-hmac@^1.1.4, create-hmac@^1.1.7:
  version "1.1.7"
  dependencies:
    cipher-base "^1.0.3"
    create-hash "^1.1.0"
    inherits "^2.0.1"
    ripemd160 "^2.0.0"
    safe-buffer "^5.0.1"
    sha.js "^2.4.8"

create-require@^1.1.0:
  version "1.1.1"

debug@^4.1.1, debug@^4.3.5, debug@^4.4.0, debug@4:
  version "4.4.0"
  dependencies:
    ms "^2.1.3"

decamelize@^4.0.0:
  version "4.0.0"

depd@2.0.0:
  version "2.0.0"

diff@^4.0.1:
  version "4.0.2"

diff@^5.2.0:
  version "5.2.0"

elliptic@^6.5.2, elliptic@^6.5.7:
  version "6.6.1"
  dependencies:
    bn.js "^4.11.9"
    brorand "^1.1.0"
    hash.js "^1.0.0"
    hmac-drbg "^1.0.1"
    inherits "^2.0.4"
    minimalistic-assert "^1.0.1"
    minimalistic-crypto-utils "^1.0.1"

elliptic@6.5.4:
  version "6.5.4"
  dependencies:
    bn.js "^4.11.9"
    brorand "^1.1.0"
    hash.js "^1.0.0"
    hmac-drbg "^1.0.1"
    inherits "^2.0.4"
    minimalistic-assert "^1.0.1"
    minimalistic-crypto-utils "^1.0.1"

emoji-regex@^8.0.0:
  version "8.0.0"

enquirer@^2.3.0:
  version "2.4.1"
  dependencies:
    ansi-colors "^4.1.1"
    strip-ansi "^6.0.1"

env-paths@^2.2.0:
  version "2.2.1"

escalade@^3.1.1:
  version "3.2.0"

escape-string-regexp@^4.0.0:
  version "4.0.0"

ethereum-cryptography@^0.1.3, ethereum-cryptography@0.1.3:
  version "0.1.3"
  dependencies:
    "@types/pbkdf2" "^3.0.0"
    "@types/secp256k1" "^4.0.1"
    blakejs "^1.1.0"
    browserify-aes "^1.2.0"
    bs58check "^2.1.2"
    create-hash "^1.2.0"
    create-hmac "^1.1.7"
    hash.js "^1.1.7"
    keccak "^3.0.0"
    pbkdf2 "^3.0.17"
    randombytes "^2.1.0"
    safe-buffer "^5.1.2"
    scrypt-js "^3.0.0"
    secp256k1 "^4.0.1"
    setimmediate "^1.0.5"

ethereum-cryptography@^1.0.3:
  version "1.2.0"
  dependencies:
    "@noble/hashes" "1.2.0"
    "@noble/secp256k1" "1.7.1"
    "@scure/bip32" "1.1.5"
    "@scure/bip39" "1.1.1"

ethereumjs-abi@^0.6.8:
  version "0.6.8"
  dependencies:
    bn.js "^4.11.8"
    ethereumjs-util "^6.0.0"

ethereumjs-util@^6.0.0, ethereumjs-util@^6.2.1:
  version "6.2.1"
  dependencies:
    "@types/bn.js" "^4.11.3"
    bn.js "^4.11.0"
    create-hash "^1.1.2"
    elliptic "^6.5.2"
    ethereum-cryptography "^0.1.3"
    ethjs-util "0.1.6"
    rlp "^2.2.3"

ethjs-util@^0.1.6, ethjs-util@0.1.6:
  version "0.1.6"
  dependencies:
    is-hex-prefixed "1.0.0"
    strip-hex-prefix "1.0.0"

evp_bytestokey@^1.0.3:
  version "1.0.3"
  dependencies:
    md5.js "^1.3.4"
    safe-buffer "^5.1.1"

fdir@^6.4.2:
  version "6.4.2"

fill-range@^7.1.1:
  version "7.1.1"
  dependencies:
    to-regex-range "^5.0.1"

find-up@^5.0.0:
  version "5.0.0"
  dependencies:
    locate-path "^6.0.0"
    path-exists "^4.0.0"

flat@^5.0.2:
  version "5.0.2"

follow-redirects@^1.12.1:
  version "1.15.9"

fp-ts@^1.0.0:
  version "1.19.5"

fp-ts@1.19.3:
  version "1.19.3"

fs-extra@^7.0.1:
  version "7.0.1"
  dependencies:
    graceful-fs "^4.1.2"
    jsonfile "^4.0.0"
    universalify "^0.1.0"

fs.realpath@^1.0.0:
  version "1.0.0"

get-caller-file@^2.0.5:
  version "2.0.5"

glob-parent@~5.1.2:
  version "5.1.2"
  dependencies:
    is-glob "^4.0.1"

glob@^8.1.0:
  version "8.1.0"
  dependencies:
    fs.realpath "^1.0.0"
    inflight "^1.0.4"
    inherits "2"
    minimatch "^5.0.1"
    once "^1.3.0"

graceful-fs@^4.1.2, graceful-fs@^4.1.6:
  version "4.2.11"

"hardhat-resolc@file:/home/bee344/Documentos/parity/revive/hardhat-revive/packages/hardhat-resolc":
  version "0.0.7"
  resolved "file:packages/hardhat-resolc"
  dependencies:
    "@types/debug" "^4"
    "@types/node" "^22.10.2"
    debug "^4.4.0"
    hardhat "^2.22.17"
    solc "^0.8.28"
    ts-node "^10.9.2"
    typescript "^5.7.2"

"hardhat-revive-examples@file:/home/bee344/Documentos/parity/revive/hardhat-revive/packages/hardhat-revive-examples":
  version "0.0.1-alpha"
  resolved "file:packages/hardhat-revive-examples"

"hardhat-revive-node@file:/home/bee344/Documentos/parity/revive/hardhat-revive/packages/hardhat-revive-node":
  version "0.0.6"
  resolved "file:packages/hardhat-revive-node"
  dependencies:
    "@types/debug" "^4"
    "@types/fs-extra" "^11.0.4"
    "@types/node" "^22.10.2"
    debug "^4.4.0"
    hardhat "^2.22.17"
    ts-node "^10.9.2"
    typescript "^5.7.2"

hardhat@^2.22.17:
  version "2.22.18"
  dependencies:
    "@ethersproject/abi" "^5.1.2"
    "@metamask/eth-sig-util" "^4.0.0"
    "@nomicfoundation/edr" "^0.7.0"
    "@nomicfoundation/ethereumjs-common" "4.0.4"
    "@nomicfoundation/ethereumjs-tx" "5.0.4"
    "@nomicfoundation/ethereumjs-util" "9.0.4"
    "@nomicfoundation/solidity-analyzer" "^0.1.0"
    "@sentry/node" "^5.18.1"
    "@types/bn.js" "^5.1.0"
    "@types/lru-cache" "^5.1.0"
    adm-zip "^0.4.16"
    aggregate-error "^3.0.0"
    ansi-escapes "^4.3.0"
    boxen "^5.1.2"
    chokidar "^4.0.0"
    ci-info "^2.0.0"
    debug "^4.1.1"
    enquirer "^2.3.0"
    env-paths "^2.2.0"
    ethereum-cryptography "^1.0.3"
    ethereumjs-abi "^0.6.8"
    find-up "^5.0.0"
    fp-ts "1.19.3"
    fs-extra "^7.0.1"
    immutable "^4.0.0-rc.12"
    io-ts "1.10.4"
    json-stream-stringify "^3.1.4"
    keccak "^3.0.2"
    lodash "^4.17.11"
    mnemonist "^0.38.0"
    mocha "^10.0.0"
    p-map "^4.0.0"
    picocolors "^1.1.0"
    raw-body "^2.4.1"
    resolve "1.17.0"
    semver "^6.3.0"
    solc "0.8.26"
    source-map-support "^0.5.13"
    stacktrace-parser "^0.1.10"
    tinyglobby "^0.2.6"
    tsort "0.0.1"
    undici "^5.14.0"
    uuid "^8.3.2"
    ws "^7.4.6"

has-flag@^4.0.0:
  version "4.0.0"

hash-base@^3.0.0:
  version "3.1.0"
  dependencies:
    inherits "^2.0.4"
    readable-stream "^3.6.0"
    safe-buffer "^5.2.0"

hash.js@^1.0.0, hash.js@^1.0.3, hash.js@^1.1.7, hash.js@1.1.7:
  version "1.1.7"
  dependencies:
    inherits "^2.0.3"
    minimalistic-assert "^1.0.1"

he@^1.2.0:
  version "1.2.0"

hmac-drbg@^1.0.1:
  version "1.0.1"
  dependencies:
    hash.js "^1.0.3"
    minimalistic-assert "^1.0.0"
    minimalistic-crypto-utils "^1.0.1"

http-errors@2.0.0:
  version "2.0.0"
  dependencies:
    depd "2.0.0"
    inherits "2.0.4"
    setprototypeof "1.2.0"
    statuses "2.0.1"
    toidentifier "1.0.1"

https-proxy-agent@^5.0.0:
  version "5.0.1"
  dependencies:
    agent-base "6"
    debug "4"

iconv-lite@0.4.24:
  version "0.4.24"
  dependencies:
    safer-buffer ">= 2.1.2 < 3"

immutable@^4.0.0-rc.12:
  version "4.3.7"

indent-string@^4.0.0:
  version "4.0.0"

inflight@^1.0.4:
  version "1.0.6"
  dependencies:
    once "^1.3.0"
    wrappy "1"

inherits@^2.0.1, inherits@^2.0.3, inherits@^2.0.4, inherits@2, inherits@2.0.4:
  version "2.0.4"

io-ts@1.10.4:
  version "1.10.4"
  dependencies:
    fp-ts "^1.0.0"

is-binary-path@~2.1.0:
  version "2.1.0"
  dependencies:
    binary-extensions "^2.0.0"

is-extglob@^2.1.1:
  version "2.1.1"

is-fullwidth-code-point@^3.0.0:
  version "3.0.0"

is-glob@^4.0.1, is-glob@~4.0.1:
  version "4.0.3"
  dependencies:
    is-extglob "^2.1.1"

is-hex-prefixed@1.0.0:
  version "1.0.0"

is-number@^7.0.0:
  version "7.0.0"

is-plain-obj@^2.1.0:
  version "2.1.0"

is-unicode-supported@^0.1.0:
  version "0.1.0"

js-sha3@0.8.0:
  version "0.8.0"

js-yaml@^4.1.0:
  version "4.1.0"
  dependencies:
    argparse "^2.0.1"

json-stream-stringify@^3.1.4:
  version "3.1.6"

jsonfile@^4.0.0:
  version "4.0.0"
  optionalDependencies:
    graceful-fs "^4.1.6"

keccak@^3.0.0, keccak@^3.0.2:
  version "3.0.4"
  dependencies:
    node-addon-api "^2.0.0"
    node-gyp-build "^4.2.0"
    readable-stream "^3.6.0"

locate-path@^6.0.0:
  version "6.0.0"
  dependencies:
    p-locate "^5.0.0"

lodash@^4.17.11:
  version "4.17.21"

log-symbols@^4.1.0:
  version "4.1.0"
  dependencies:
    chalk "^4.1.0"
    is-unicode-supported "^0.1.0"

lru_map@^0.3.3:
  version "0.3.3"

make-error@^1.1.1:
  version "1.3.6"

md5.js@^1.3.4:
  version "1.3.5"
  dependencies:
    hash-base "^3.0.0"
    inherits "^2.0.1"
    safe-buffer "^5.1.2"

memorystream@^0.3.1:
  version "0.3.1"

minimalistic-assert@^1.0.0, minimalistic-assert@^1.0.1:
  version "1.0.1"

minimalistic-crypto-utils@^1.0.1:
  version "1.0.1"

minimatch@^5.0.1, minimatch@^5.1.6:
  version "5.1.6"
  dependencies:
    brace-expansion "^2.0.1"

mnemonist@^0.38.0:
  version "0.38.5"
  dependencies:
    obliterator "^2.0.0"

mocha@^10.0.0:
  version "10.8.2"
  dependencies:
    ansi-colors "^4.1.3"
    browser-stdout "^1.3.1"
    chokidar "^3.5.3"
    debug "^4.3.5"
    diff "^5.2.0"
    escape-string-regexp "^4.0.0"
    find-up "^5.0.0"
    glob "^8.1.0"
    he "^1.2.0"
    js-yaml "^4.1.0"
    log-symbols "^4.1.0"
    minimatch "^5.1.6"
    ms "^2.1.3"
    serialize-javascript "^6.0.2"
    strip-json-comments "^3.1.1"
    supports-color "^8.1.1"
    workerpool "^6.5.1"
    yargs "^16.2.0"
    yargs-parser "^20.2.9"
    yargs-unparser "^2.0.0"

ms@^2.1.3:
  version "2.1.3"

node-addon-api@^2.0.0:
  version "2.0.2"

node-addon-api@^5.0.0:
  version "5.1.0"

node-gyp-build@^4.2.0:
  version "4.8.4"

normalize-path@^3.0.0, normalize-path@~3.0.0:
  version "3.0.0"

obliterator@^2.0.0:
  version "2.0.4"

once@^1.3.0:
  version "1.4.0"
  dependencies:
    wrappy "1"

os-tmpdir@~1.0.2:
  version "1.0.2"

p-limit@^3.0.2:
  version "3.1.0"
  dependencies:
    yocto-queue "^0.1.0"

p-locate@^5.0.0:
  version "5.0.0"
  dependencies:
    p-limit "^3.0.2"

p-map@^4.0.0:
  version "4.0.0"
  dependencies:
    aggregate-error "^3.0.0"

path-exists@^4.0.0:
  version "4.0.0"

path-parse@^1.0.6:
  version "1.0.7"

pbkdf2@^3.0.17:
  version "3.1.2"
  dependencies:
    create-hash "^1.1.2"
    create-hmac "^1.1.4"
    ripemd160 "^2.0.1"
    safe-buffer "^5.0.1"
    sha.js "^2.4.8"

picocolors@^1.1.0:
  version "1.1.1"

picomatch@^2.0.4:
  version "2.3.1"

picomatch@^2.2.1:
  version "2.3.1"

"picomatch@^3 || ^4", picomatch@^4.0.2:
  version "4.0.2"

randombytes@^2.1.0:
  version "2.1.0"
  dependencies:
    safe-buffer "^5.1.0"

raw-body@^2.4.1:
  version "2.5.2"
  dependencies:
    bytes "3.1.2"
    http-errors "2.0.0"
    iconv-lite "0.4.24"
    unpipe "1.0.0"

readable-stream@^3.6.0:
  version "3.6.2"
  dependencies:
    inherits "^2.0.3"
    string_decoder "^1.1.1"
    util-deprecate "^1.0.1"

readdirp@^4.0.1:
  version "4.0.2"

readdirp@~3.6.0:
  version "3.6.0"
  dependencies:
    picomatch "^2.2.1"

require-directory@^2.1.1:
  version "2.1.1"

resolve@1.17.0:
  version "1.17.0"
  dependencies:
    path-parse "^1.0.6"

ripemd160@^2.0.0, ripemd160@^2.0.1:
  version "2.0.2"
  dependencies:
    hash-base "^3.0.0"
    inherits "^2.0.1"

rlp@^2.2.3:
  version "2.2.7"
  dependencies:
    bn.js "^5.2.0"

safe-buffer@^5.0.1, safe-buffer@^5.1.0, safe-buffer@^5.1.1, safe-buffer@^5.1.2, safe-buffer@^5.2.0, safe-buffer@^5.2.1, safe-buffer@~5.2.0:
  version "5.2.1"

"safer-buffer@>= 2.1.2 < 3":
  version "2.1.2"

scrypt-js@^3.0.0:
  version "3.0.1"

secp256k1@^4.0.1:
  version "4.0.4"
  dependencies:
    elliptic "^6.5.7"
    node-addon-api "^5.0.0"
    node-gyp-build "^4.2.0"

semver@^5.5.0:
  version "5.7.2"

semver@^6.3.0:
  version "6.3.1"

serialize-javascript@^6.0.2:
  version "6.0.2"
  dependencies:
    randombytes "^2.1.0"

setimmediate@^1.0.5:
  version "1.0.5"

setprototypeof@1.2.0:
  version "1.2.0"

sha.js@^2.4.0, sha.js@^2.4.8:
  version "2.4.11"
  dependencies:
    inherits "^2.0.1"
    safe-buffer "^5.0.1"

solc@^0.8.28:
  version "0.8.28"
  dependencies:
    command-exists "^1.2.8"
    commander "^8.1.0"
    follow-redirects "^1.12.1"
    js-sha3 "0.8.0"
    memorystream "^0.3.1"
    semver "^5.5.0"
    tmp "0.0.33"

solc@0.8.26:
  version "0.8.26"
  dependencies:
    command-exists "^1.2.8"
    commander "^8.1.0"
    follow-redirects "^1.12.1"
    js-sha3 "0.8.0"
    memorystream "^0.3.1"
    semver "^5.5.0"
    tmp "0.0.33"

source-map-support@^0.5.13:
  version "0.5.21"
  dependencies:
    buffer-from "^1.0.0"
    source-map "^0.6.0"

source-map@^0.6.0:
  version "0.6.1"

stacktrace-parser@^0.1.10:
  version "0.1.10"
  dependencies:
    type-fest "^0.7.1"

statuses@2.0.1:
  version "2.0.1"

string_decoder@^1.1.1:
  version "1.3.0"
  dependencies:
    safe-buffer "~5.2.0"

string-width@^4.0.0, string-width@^4.1.0, string-width@^4.2.0, string-width@^4.2.2:
  version "4.2.3"
  dependencies:
    emoji-regex "^8.0.0"
    is-fullwidth-code-point "^3.0.0"
    strip-ansi "^6.0.1"

strip-ansi@^6.0.0, strip-ansi@^6.0.1:
  version "6.0.1"
  dependencies:
    ansi-regex "^5.0.1"

strip-hex-prefix@1.0.0:
  version "1.0.0"
  dependencies:
    is-hex-prefixed "1.0.0"

strip-json-comments@^3.1.1:
  version "3.1.1"

supports-color@^7.1.0:
  version "7.2.0"
  dependencies:
    has-flag "^4.0.0"

supports-color@^8.1.1:
  version "8.1.1"
  dependencies:
    has-flag "^4.0.0"

tinyglobby@^0.2.6:
  version "0.2.10"
  dependencies:
    fdir "^6.4.2"
    picomatch "^4.0.2"

tmp@0.0.33:
  version "0.0.33"
  dependencies:
    os-tmpdir "~1.0.2"

to-regex-range@^5.0.1:
  version "5.0.1"
  dependencies:
    is-number "^7.0.0"

toidentifier@1.0.1:
  version "1.0.1"

ts-node@*, ts-node@^10.9.2:
  version "10.9.2"
  dependencies:
    "@cspotcode/source-map-support" "^0.8.0"
    "@tsconfig/node10" "^1.0.7"
    "@tsconfig/node12" "^1.0.7"
    "@tsconfig/node14" "^1.0.0"
    "@tsconfig/node16" "^1.0.2"
    acorn "^8.4.1"
    acorn-walk "^8.1.1"
    arg "^4.1.0"
    create-require "^1.1.0"
    diff "^4.0.1"
    make-error "^1.1.1"
    v8-compile-cache-lib "^3.0.1"
    yn "3.1.1"

tslib@^1.9.3:
  version "1.14.1"

tsort@0.0.1:
  version "0.0.1"

tweetnacl-util@^0.15.1:
  version "0.15.1"

tweetnacl@^1.0.3:
  version "1.0.3"

type-fest@^0.20.2:
  version "0.20.2"

type-fest@^0.21.3:
  version "0.21.3"

type-fest@^0.7.1:
  version "0.7.1"

typescript@*, typescript@^5.7.2, typescript@>=2.7:
  version "5.7.2"

undici-types@~6.20.0:
  version "6.20.0"

undici@^5.14.0:
  version "5.28.4"
  dependencies:
    "@fastify/busboy" "^2.0.0"

universalify@^0.1.0:
  version "0.1.2"

unpipe@1.0.0:
  version "1.0.0"

util-deprecate@^1.0.1:
  version "1.0.2"

uuid@^8.3.2:
  version "8.3.2"

v8-compile-cache-lib@^3.0.1:
  version "3.0.1"

widest-line@^3.1.0:
  version "3.1.0"
  dependencies:
    string-width "^4.0.0"

workerpool@^6.5.1:
  version "6.5.1"

wrap-ansi@^7.0.0:
  version "7.0.0"
  dependencies:
    ansi-styles "^4.0.0"
    string-width "^4.1.0"
    strip-ansi "^6.0.0"

wrappy@1:
  version "1.0.2"

ws@^7.4.6:
  version "7.5.10"

y18n@^5.0.5:
  version "5.0.8"

yargs-parser@^20.2.2, yargs-parser@^20.2.9:
  version "20.2.9"

yargs-unparser@^2.0.0:
  version "2.0.0"
  dependencies:
    camelcase "^6.0.0"
    decamelize "^4.0.0"
    flat "^5.0.2"
    is-plain-obj "^2.1.0"

yargs@^16.2.0:
  version "16.2.0"
  dependencies:
    cliui "^7.0.2"
    escalade "^3.1.1"
    get-caller-file "^2.0.5"
    require-directory "^2.1.1"
    string-width "^4.2.0"
    y18n "^5.0.5"
    yargs-parser "^20.2.2"

yn@3.1.1:
  version "3.1.1"

yocto-queue@^0.1.0:
  version "0.1.0"
